{
	"name": "highlight-tmlanguage",
	"version": "0.1.0",
	"lockfileVersion": 1,
	"requires": true,
	"dependencies": {
		"@kaoscript/runtime": {
			"version": "0.6.0",
			"resolved": "https://registry.npmjs.org/@kaoscript/runtime/-/runtime-0.6.0.tgz",
			"integrity": "sha512-oa6v+0+S+PKGRqXhTaOGW2dS2gI82FUjv2HTh9fPiChXWXyQ1fPaFMD2eP9wWwx5SDQrBxQqTaxNN3/PQB/Mlg==",
			"dev": true
		},
		"argparse": {
			"version": "1.0.9",
			"resolved": "https://registry.npmjs.org/argparse/-/argparse-1.0.9.tgz",
			"integrity": "sha1-c9g7wmP4bpf4zE9rrhsOkKfSLIY=",
			"dev": true,
			"requires": {
				"sprintf-js": "~1.0.2"
			}
		},
		"base64-js": {
			"version": "1.1.2",
			"resolved": "https://registry.npmjs.org/base64-js/-/base64-js-1.1.2.tgz",
			"integrity": "sha1-1kAMrBxMZgl22Q0HoENR2JOV9eg=",
			"dev": true
		},
		"commander": {
			"version": "2.19.0",
			"resolved": "https://registry.npmjs.org/commander/-/commander-2.19.0.tgz",
			"integrity": "sha512-6tvAOO+D6OENvRAh524Dh9jcfKTYDQAqvqezbCW82xj5X0pSrcpxtvRKHLG0yBY6SD7PSDrJaj+0AiOcKVd1Xg==",
			"dev": true
		},
		"esprima": {
			"version": "2.7.3",
			"resolved": "https://registry.npmjs.org/esprima/-/esprima-2.7.3.tgz",
			"integrity": "sha1-luO3DVd59q1JzQMmc9HDEnZ7pYE=",
			"dev": true
		},
		"js-yaml": {
			"version": "3.6.1",
			"resolved": "https://registry.npmjs.org/js-yaml/-/js-yaml-3.6.1.tgz",
			"integrity": "sha1-bl/mfYsgXOTSL60Ft3geja3MSzA=",
			"dev": true,
			"requires": {
				"argparse": "^1.0.7",
				"esprima": "^2.6.0"
			}
		},
		"kaoscript": {
			"version": "github:kaoscript/kaoscript#bc4c31c41444a1f3e5f17dc8f356ebeace58d3b9",
			"from": "github:kaoscript/kaoscript",
			"dev": true,
			"requires": {
				"@kaoscript/runtime": "^0.6.0",
				"commander": "^2.19.0"
			}
		},
		"plist": {
			"version": "2.0.1",
			"resolved": "https://registry.npmjs.org/plist/-/plist-2.0.1.tgz",
			"integrity": "sha1-CjLKlIGxw2TpLhjcVch23p0B2os=",
			"dev": true,
			"requires": {
				"base64-js": "1.1.2",
				"xmlbuilder": "8.2.2",
				"xmldom": "0.1.x"
			}
		},
		"sprintf-js": {
			"version": "1.0.3",
			"resolved": "https://registry.npmjs.org/sprintf-js/-/sprintf-js-1.0.3.tgz",
			"integrity": "sha1-BOaSb2YolTVPPdAVIDYzuFcpfiw=",
			"dev": true
		},
		"xmlbuilder": {
			"version": "8.2.2",
			"resolved": "https://registry.npmjs.org/xmlbuilder/-/xmlbuilder-8.2.2.tgz",
			"integrity": "sha1-aSSGc0ELS6QuGmE2VR0pIjNap3M=",
			"dev": true
		},
		"xmldom": {
			"version": "0.1.22",
			"resolved": "https://registry.npmjs.org/xmldom/-/xmldom-0.1.22.tgz",
			"integrity": "sha1-EN5OXpZJgfA8jMcvrcCNFLbDqiY=",
			"dev": true
		}
	}
}
